// !$*UTF8*$!
{
	archiveVersion = 1;
	classes = {
	};
	objectVersion = 50;
	objects = {

/* Begin PBXBuildFile section */
		3DD54A3620EA435C00B5FD82 /* AppDelegate.m in Sources */ = {isa = PBXBuildFile; fileRef = 3DD54A3520EA435C00B5FD82 /* AppDelegate.m */; };
		3DD54A3920EA435C00B5FD82 /* ViewController.m in Sources */ = {isa = PBXBuildFile; fileRef = 3DD54A3820EA435C00B5FD82 /* ViewController.m */; };
		3DD54A3C20EA435C00B5FD82 /* Main.storyboard in Resources */ = {isa = PBXBuildFile; fileRef = 3DD54A3A20EA435C00B5FD82 /* Main.storyboard */; };
		3DD54A3E20EA435C00B5FD82 /* Assets.xcassets in Resources */ = {isa = PBXBuildFile; fileRef = 3DD54A3D20EA435C00B5FD82 /* Assets.xcassets */; };
		3DD54A4120EA435C00B5FD82 /* LaunchScreen.storyboard in Resources */ = {isa = PBXBuildFile; fileRef = 3DD54A3F20EA435C00B5FD82 /* LaunchScreen.storyboard */; };
		3DD54A4420EA435C00B5FD82 /* main.mm in Sources */ = {isa = PBXBuildFile; fileRef = 3DD54A4320EA435C00B5FD82 /* main.mm */; };
		3DD54A4C20EA43D000B5FD82 /* A.mm in Sources */ = {isa = PBXBuildFile; fileRef = 3DD54A4B20EA43D000B5FD82 /* A.mm */; };
		3DD54A4F20EA550200B5FD82 /* B.mm in Sources */ = {isa = PBXBuildFile; fileRef = 3DD54A4E20EA550200B5FD82 /* B.mm */; };
		3DD54A5220EA6EFF00B5FD82 /* AppDelegateExtension.mm in Sources */ = {isa = PBXBuildFile; fileRef = 3DD54A5120EA6EFF00B5FD82 /* AppDelegateExtension.mm */; };
/* End PBXBuildFile section */

/* Begin PBXFileReference section */
		3DD54A3120EA435C00B5FD82 /* ExternVarTest.app */ = {isa = PBXFileReference; explicitFileType = wrapper.application; includeInIndex = 0; path = ExternVarTest.app; sourceTree = BUILT_PRODUCTS_DIR; };
		3DD54A3420EA435C00B5FD82 /* AppDelegate.h */ = {isa = PBXFileReference; lastKnownFileType = sourcecode.c.h; path = AppDelegate.h; sourceTree = "<group>"; };
		3DD54A3520EA435C00B5FD82 /* AppDelegate.m */ = {isa = PBXFileReference; lastKnownFileType = sourcecode.c.objc; path = AppDelegate.m; sourceTree = "<group>"; };
		3DD54A3720EA435C00B5FD82 /* ViewController.h */ = {isa = PBXFileReference; lastKnownFileType = sourcecode.c.h; path = ViewController.h; sourceTree = "<group>"; };
		3DD54A3820EA435C00B5FD82 /* ViewController.m */ = {isa = PBXFileReference; lastKnownFileType = sourcecode.c.objc; path = ViewController.m; sourceTree = "<group>"; };
		3DD54A3B20EA435C00B5FD82 /* Base */ = {isa = PBXFileReference; lastKnownFileType = file.storyboard; name = Base; path = Base.lproj/Main.storyboard; sourceTree = "<group>"; };
		3DD54A3D20EA435C00B5FD82 /* Assets.xcassets */ = {isa = PBXFileReference; lastKnownFileType = folder.assetcatalog; path = Assets.xcassets; sourceTree = "<group>"; };
		3DD54A4020EA435C00B5FD82 /* Base */ = {isa = PBXFileReference; lastKnownFileType = file.storyboard; name = Base; path = Base.lproj/LaunchScreen.storyboard; sourceTree = "<group>"; };
		3DD54A4220EA435C00B5FD82 /* Info.plist */ = {isa = PBXFileReference; lastKnownFileType = text.plist.xml; path = Info.plist; sourceTree = "<group>"; };
		3DD54A4320EA435C00B5FD82 /* main.mm */ = {isa = PBXFileReference; lastKnownFileType = sourcecode.cpp.objcpp; path = main.mm; sourceTree = "<group>"; };
		3DD54A4A20EA43D000B5FD82 /* A.h */ = {isa = PBXFileReference; lastKnownFileType = sourcecode.c.h; path = A.h; sourceTree = "<group>"; };
		3DD54A4B20EA43D000B5FD82 /* A.mm */ = {isa = PBXFileReference; lastKnownFileType = sourcecode.cpp.objcpp; path = A.mm; sourceTree = "<group>"; };
		3DD54A4D20EA550200B5FD82 /* B.h */ = {isa = PBXFileReference; lastKnownFileType = sourcecode.c.h; path = B.h; sourceTree = "<group>"; };
		3DD54A4E20EA550200B5FD82 /* B.mm */ = {isa = PBXFileReference; lastKnownFileType = sourcecode.cpp.objcpp; path = B.mm; sourceTree = "<group>"; };
		3DD54A5020EA6EFF00B5FD82 /* AppDelegateExtension.h */ = {isa = PBXFileReference; lastKnownFileType = sourcecode.c.h; path = AppDelegateExtension.h; sourceTree = "<group>"; };
		3DD54A5120EA6EFF00B5FD82 /* AppDelegateExtension.mm */ = {isa = PBXFileReference; lastKnownFileType = sourcecode.cpp.objcpp; path = AppDelegateExtension.mm; sourceTree = "<group>"; };
/* End PBXFileReference section */

/* Begin PBXFrameworksBuildPhase section */
		3DD54A2E20EA435C00B5FD82 /* Frameworks */ = {
			isa = PBXFrameworksBuildPhase;
			buildActionMask = 2147483647;
			files = (
			);
			runOnlyForDeploymentPostprocessing = 0;
		};
/* End PBXFrameworksBuildPhase section */

/* Begin PBXGroup section */
		3DD54A2820EA435C00B5FD82 = {
			isa = PBXGroup;
			children = (
				3DD54A3320EA435C00B5FD82 /* ExternVarTest */,
				3DD54A3220EA435C00B5FD82 /* Products */,
			);
			sourceTree = "<group>";
		};
		3DD54A3220EA435C00B5FD82 /* Products */ = {
			isa = PBXGroup;
			children = (
				3DD54A3120EA435C00B5FD82 /* ExternVarTest.app */,
			);
			name = Products;
			sourceTree = "<group>";
		};
		3DD54A3320EA435C00B5FD82 /* ExternVarTest */ = {
			isa = PBXGroup;
			children = (
				3DD54A3420EA435C00B5FD82 /* AppDelegate.h */,
				3DD54A3520EA435C00B5FD82 /* AppDelegate.m */,
				3DD54A3720EA435C00B5FD82 /* ViewController.h */,
				3DD54A3820EA435C00B5FD82 /* ViewController.m */,
				3DD54A3A20EA435C00B5FD82 /* Main.storyboard */,
				3DD54A3D20EA435C00B5FD82 /* Assets.xcassets */,
				3DD54A3F20EA435C00B5FD82 /* LaunchScreen.storyboard */,
				3DD54A4220EA435C00B5FD82 /* Info.plist */,
				3DD54A4320EA435C00B5FD82 /* main.mm */,
				3DD54A4A20EA43D000B5FD82 /* A.h */,
				3DD54A4B20EA43D000B5FD82 /* A.mm */,
				3DD54A4D20EA550200B5FD82 /* B.h */,
				3DD54A4E20EA550200B5FD82 /* B.mm */,
				3DD54A5020EA6EFF00B5FD82 /* AppDelegateExtension.h */,
				3DD54A5120EA6EFF00B5FD82 /* AppDelegateExtension.mm */,
			);
			path = ExternVarTest;
			sourceTree = "<group>";
		};
/* End PBXGroup section */

/* Begin PBXNativeTarget section */
		3DD54A3020EA435C00B5FD82 /* ExternVarTest */ = {
			isa = PBXNativeTarget;
			buildConfigurationList = 3DD54A4720EA435C00B5FD82 /* Build configuration list for PBXNativeTarget "ExternVarTest" */;
			buildPhases = (
				3DD54A2D20EA435C00B5FD82 /* Sources */,
				3DD54A2E20EA435C00B5FD82 /* Frameworks */,
				3DD54A2F20EA435C00B5FD82 /* Resources */,
			);
			buildRules = (
			);
			dependencies = (
			);
			name = ExternVarTest;
			productName = ExternVarTest;
			productReference = 3DD54A3120EA435C00B5FD82 /* ExternVarTest.app */;
			productType = "com.apple.product-type.application";
		};
/* End PBXNativeTarget section */

/* Begin PBXProject section */
		3DD54A2920EA435C00B5FD82 /* Project object */ = {
			isa = PBXProject;
			attributes = {
				LastUpgradeCheck = 0940;
				ORGANIZATIONNAME = "Владислав Хартанович";
				TargetAttributes = {
					3DD54A3020EA435C00B5FD82 = {
						CreatedOnToolsVersion = 9.4.1;
					};
				};
			};
			buildConfigurationList = 3DD54A2C20EA435C00B5FD82 /* Build configuration list for PBXProject "ExternVarTest" */;
			compatibilityVersion = "Xcode 9.3";
			developmentRegion = en;
			hasScannedForEncodings = 0;
			knownRegions = (
				en,
				Base,
			);
			mainGroup = 3DD54A2820EA435C00B5FD82;
			productRefGroup = 3DD54A3220EA435C00B5FD82 /* Products */;
			projectDirPath = "";
			projectRoot = "";
			targets = (
				3DD54A3020EA435C00B5FD82 /* ExternVarTest */,
			);
		};
/* End PBXProject section */

/* Begin PBXResourcesBuildPhase section */
		3DD54A2F20EA435C00B5FD82 /* Resources */ = {
			isa = PBXResourcesBuildPhase;
			buildActionMask = 2147483647;
			files = (
				3DD54A4120EA435C00B5FD82 /* LaunchScreen.storyboard in Resources */,
				3DD54A3E20EA435C00B5FD82 /* Assets.xcassets in Resources */,
				3DD54A3C20EA435C00B5FD82 /* Main.storyboard in Resources */,
			);
			runOnlyForDeploymentPostprocessing = 0;
		};
/* End PBXResourcesBuildPhase section */

/* Begin PBXSourcesBuildPhase section */
		3DD54A2D20EA435C00B5FD82 /* Sources */ = {
			isa = PBXSourcesBuildPhase;
			buildActionMask = 2147483647;
			files = (
				3DD54A5220EA6EFF00B5FD82 /* AppDelegateExtension.mm in Sources */,
				3DD54A3920EA435C00B5FD82 /* ViewController.m in Sources */,
				3DD54A4F20EA550200B5FD82 /* B.mm in Sources */,
				3DD54A4C20EA43D000B5FD82 /* A.mm in Sources */,
				3DD54A4420EA435C00B5FD82 /* main.mm in Sources */,
				3DD54A3620EA435C00B5FD82 /* AppDelegate.m in Sources */,
			);
			runOnlyForDeploymentPostprocessing = 0;
		};
/* End PBXSourcesBuildPhase section */

/* Begin PBXVariantGroup section */
		3DD54A3A20EA435C00B5FD82 /* Main.storyboard */ = {
			isa = PBXVariantGroup;
			children = (
				3DD54A3B20EA435C00B5FD82 /* Base */,
			);
			name = Main.storyboard;
			sourceTree = "<group>";
		};
		3DD54A3F20EA435C00B5FD82 /* LaunchScreen.storyboard */ = {
			isa = PBXVariantGroup;
			children = (
				3DD54A4020EA435C00B5FD82 /* Base */,
			);
			name = LaunchScreen.storyboard;
			sourceTree = "<group>";
		};
/* End PBXVariantGroup section */

/* Begin XCBuildConfiguration section */
		3DD54A4520EA435C00B5FD82 /* Debug */ = {
			isa = XCBuildConfiguration;
			buildSettings = {
				ALWAYS_SEARCH_USER_PATHS = NO;
				CLANG_ANALYZER_NONNULL = YES;
				CLANG_ANALYZER_NUMBER_OBJECT_CONVERSION = YES_AGGRESSIVE;
				CLANG_CXX_LANGUAGE_STANDARD = "gnu++14";
				CLANG_CXX_LIBRARY = "libc++";
				CLANG_ENABLE_MODULES = YES;
				CLANG_ENABLE_OBJC_ARC = YES;
				CLANG_ENABLE_OBJC_WEAK = YES;
				CLANG_WARN_BLOCK_CAPTURE_AUTORELEASING = YES;
				CLANG_WARN_BOOL_CONVERSION = YES;
				CLANG_WARN_COMMA = YES;
				CLANG_WARN_CONSTANT_CONVERSION = YES;
				CLANG_WARN_DEPRECATED_OBJC_IMPLEMENTATIONS = YES;
				CLANG_WARN_DIRECT_OBJC_ISA_USAGE = YES_ERROR;
				CLANG_WARN_DOCUMENTATION_COMMENTS = YES;
				CLANG_WARN_EMPTY_BODY = YES;
				CLANG_WARN_ENUM_CONVERSION = YES;
				CLANG_WARN_INFINITE_RECURSION = YES;
				CLANG_WARN_INT_CONVERSION = YES;
				CLANG_WARN_NON_LITERAL_NULL_CONVERSION = YES;
				CLANG_WARN_OBJC_IMPLICIT_RETAIN_SELF = YES;
				CLANG_WARN_OBJC_LITERAL_CONVERSION = YES;
				CLANG_WARN_OBJC_ROOT_CLASS = YES_ERROR;
				CLANG_WARN_RANGE_LOOP_ANALYSIS = YES;
				CLANG_WARN_STRICT_PROTOTYPES = YES;
				CLANG_WARN_SUSPICIOUS_MOVE = YES;
				CLANG_WARN_UNGUARDED_AVAILABILITY = YES_AGGRESSIVE;
				CLANG_WARN_UNREACHABLE_CODE = YES;
				CLANG_WARN__DUPLICATE_METHOD_MATCH = YES;
				CODE_SIGN_IDENTITY = "iPhone Developer";
				COPY_PHASE_STRIP = NO;
				DEBUG_INFORMATION_FORMAT = dwarf;
				ENABLE_STRICT_OBJC_MSGSEND = YES;
				ENABLE_TESTABILITY = YES;
				GCC_C_LANGUAGE_STANDARD = gnu11;
				GCC_DYNAMIC_NO_PIC = NO;
				GCC_NO_COMMON_BLOCKS = YES;
				GCC_OPTIMIZATION_LEVEL = 0;
				GCC_PREPROCESSOR_DEFINITIONS = (
					"DEBUG=1",
					"$(inherited)",
				);
				GCC_WARN_64_TO_32_BIT_CONVERSION = YES;
				GCC_WARN_ABOUT_RETURN_TYPE = YES_ERROR;
				GCC_WARN_UNDECLARED_SELECTOR = YES;
				GCC_WARN_UNINITIALIZED_AUTOS = YES_AGGRESSIVE;
				GCC_WARN_UNUSED_FUNCTION = YES;
				GCC_WARN_UNUSED_VARIABLE = YES;
				IPHONEOS_DEPLOYMENT_TARGET = 11.4;
				MTL_ENABLE_DEBUG_INFO = YES;
				ONLY_ACTIVE_ARCH = YES;
				SDKROOT = iphoneos;
			};
			name = Debug;
		};
		3DD54A4620EA435C00B5FD82 /* Release */ = {
			isa = XCBuildConfiguration;
			buildSettings = {
				ALWAYS_SEARCH_USER_PATHS = NO;
				CLANG_ANALYZER_NONNULL = YES;
				CLANG_ANALYZER_NUMBER_OBJECT_CONVERSION = YES_AGGRESSIVE;
				CLANG_CXX_LANGUAGE_STANDARD = "gnu++14";
				CLANG_CXX_LIBRARY = "libc++";
				CLANG_ENABLE_MODULES = YES;
				CLANG_ENABLE_OBJC_ARC = YES;
				CLANG_ENABLE_OBJC_WEAK = YES;
				CLANG_WARN_BLOCK_CAPTURE_AUTORELEASING = YES;
				CLANG_WARN_BOOL_CONVERSION = YES;
				CLANG_WARN_COMMA = YES;
				CLANG_WARN_CONSTANT_CONVERSION = YES;
				CLANG_WARN_DEPRECATED_OBJC_IMPLEMENTATIONS = YES;
				CLANG_WARN_DIRECT_OBJC_ISA_USAGE = YES_ERROR;
				CLANG_WARN_DOCUMENTATION_COMMENTS = YES;
				CLANG_WARN_EMPTY_BODY = YES;
				CLANG_WARN_ENUM_CONVERSION = YES;
				CLANG_WARN_INFINITE_RECURSION = YES;
				CLANG_WARN_INT_CONVERSION = YES;
				CLANG_WARN_NON_LITERAL_NULL_CONVERSION = YES;
				CLANG_WARN_OBJC_IMPLICIT_RETAIN_SELF = YES;
				CLANG_WARN_OBJC_LITERAL_CONVERSION = YES;
				CLANG_WARN_OBJC_ROOT_CLASS = YES_ERROR;
				CLANG_WARN_RANGE_LOOP_ANALYSIS = YES;
				CLANG_WARN_STRICT_PROTOTYPES = YES;
				CLANG_WARN_SUSPICIOUS_MOVE = YES;
				CLANG_WARN_UNGUARDED_AVAILABILITY = YES_AGGRESSIVE;
				CLANG_WARN_UNREACHABLE_CODE = YES;
				CLANG_WARN__DUPLICATE_METHOD_MATCH = YES;
				CODE_SIGN_IDENTITY = "iPhone Developer";
				COPY_PHASE_STRIP = NO;
				DEBUG_INFORMATION_FORMAT = "dwarf-with-dsym";
				ENABLE_NS_ASSERTIONS = NO;
				ENABLE_STRICT_OBJC_MSGSEND = YES;
				GCC_C_LANGUAGE_STANDARD = gnu11;
				GCC_NO_COMMON_BLOCKS = YES;
				GCC_WARN_64_TO_32_BIT_CONVERSION = YES;
				GCC_WARN_ABOUT_RETURN_TYPE = YES_ERROR;
				GCC_WARN_UNDECLARED_SELECTOR = YES;
				GCC_WARN_UNINITIALIZED_AUTOS = YES_AGGRESSIVE;
				GCC_WARN_UNUSED_FUNCTION = YES;
				GCC_WARN_UNUSED_VARIABLE = YES;
				IPHONEOS_DEPLOYMENT_TARGET = 11.4;
				MTL_ENABLE_DEBUG_INFO = NO;
				SDKROOT = iphoneos;
				VALIDATE_PRODUCT = YES;
			};
			name = Release;
		};
		3DD54A4820EA435C00B5FD82 /* Debug */ = {
			isa = XCBuildConfiguration;
			buildSettings = {
				ASSETCATALOG_COMPILER_APPICON_NAME = AppIcon;
				CODE_SIGN_STYLE = Automatic;
				INFOPLIST_FILE = ExternVarTest/Info.plist;
				LD_RUNPATH_SEARCH_PATHS = (
					"$(inherited)",
					"@executable_path/Frameworks",
				);
				PRODUCT_BUNDLE_IDENTIFIER = com.vmchar.ExternVarTest;
				PRODUCT_NAME = "$(TARGET_NAME)";
				TARGETED_DEVICE_FAMILY = "1,2";
			};
			name = Debug;
		};
		3DD54A4920EA435C00B5FD82 /* Release */ = {
			isa = XCBuildConfiguration;
			buildSettings = {
				ASSETCATALOG_COMPILER_APPICON_NAME = AppIcon;
				CODE_SIGN_STYLE = Automatic;
				INFOPLIST_FILE = ExternVarTest/Info.plist;
				LD_RUNPATH_SEARCH_PATHS = (
					"$(inherited)",
					"@executable_path/Frameworks",
				);
				PRODUCT_BUNDLE_IDENTIFIER = com.vmchar.ExternVarTest;
				PRODUCT_NAME = "$(TARGET_NAME)";
				TARGETED_DEVICE_FAMILY = "1,2";
			};
			name = Release;
		};
/* End XCBuildConfiguration section */

/* Begin XCConfigurationList section */
		3DD54A2C20EA435C00B5FD82 /* Build configuration list for PBXProject "ExternVarTest" */ = {
			isa = XCConfigurationList;
			buildConfigurations = (
				3DD54A4520EA435C00B5FD82 /* Debug */,
				3DD54A4620EA435C00B5FD82 /* Release */,
			);
			defaultConfigurationIsVisible = 0;
			defaultConfigurationName = Release;
		};
		3DD54A4720EA435C00B5FD82 /* Build configuration list for PBXNativeTarget "ExternVarTest" */ = {
			isa = XCConfigurationList;
			buildConfigurations = (
				3DD54A4820EA435C00B5FD82 /* Debug */,
				3DD54A4920EA435C00B5FD82 /* Release */,
			);
			defaultConfigurationIsVisible = 0;
			defaultConfigurationName = Release;
		};
/* End XCConfigurationList section */
	};
	rootObject = 3DD54A2920EA435C00B5FD82 /* Project object */;
}
